
Microsoft Visual Studio Solution File, Format Version 12.00
# Visual Studio Version 16
VisualStudioVersion = 16.0.31729.503
MinimumVisualStudioVersion = 10.0.40219.1
Project("{9A19103F-16F7-4668-BE54-9A1E7A4F7556}") = "WebApiTest", "WebApiTest\WebApiTest.csproj", "{69520071-6E69-461A-840B-1EED840FA7DD}"
EndProject
Project("{FAE04EC0-301F-11D3-BF4B-00C04F79EFBC}") = "NPOIExportTest", "NPOIExportTest\NPOIExportTest.csproj", "{6C258525-A43E-4D6D-9349-F1B6530BBF21}"
EndProject
Project("{FAE04EC0-301F-11D3-BF4B-00C04F79EFBC}") = "BackgroundServiceTest", "BackgroundServiceTest\BackgroundServiceTest.csproj", "{F5E8F86C-D4AF-4B96-A6C5-1DF012008451}"
EndProject
Global
	GlobalSection(SolutionConfigurationPlatforms) = preSolution
		Debug|Any CPU = Debug|Any CPU
		Release|Any CPU = Release|Any CPU
	EndGlobalSection
	GlobalSection(ProjectConfigurationPlatforms) = postSolution
		{69520071-6E69-461A-840B-1EED840FA7DD}.Debug|Any CPU.ActiveCfg = Debug|Any CPU
		{69520071-6E69-461A-840B-1EED840FA7DD}.Debug|Any CPU.Build.0 = Debug|Any CPU
		{69520071-6E69-461A-840B-1EED840FA7DD}.Release|Any CPU.ActiveCfg = Release|Any CPU
		{69520071-6E69-461A-840B-1EED840FA7DD}.Release|Any CPU.Build.0 = Release|Any CPU
		{6C258525-A43E-4D6D-9349-F1B6530BBF21}.Debug|Any CPU.ActiveCfg = Debug|Any CPU
		{6C258525-A43E-4D6D-9349-F1B6530BBF21}.Debug|Any CPU.Build.0 = Debug|Any CPU
		{6C258525-A43E-4D6D-9349-F1B6530BBF21}.Release|Any CPU.ActiveCfg = Release|Any CPU
		{6C258525-A43E-4D6D-9349-F1B6530BBF21}.Release|Any CPU.Build.0 = Release|Any CPU
		{F5E8F86C-D4AF-4B96-A6C5-1DF012008451}.Debug|Any CPU.ActiveCfg = Debug|Any CPU
		{F5E8F86C-D4AF-4B96-A6C5-1DF012008451}.Debug|Any CPU.Build.0 = Debug|Any CPU
		{F5E8F86C-D4AF-4B96-A6C5-1DF012008451}.Release|Any CPU.ActiveCfg = Release|Any CPU
		{F5E8F86C-D4AF-4B96-A6C5-1DF012008451}.Release|Any CPU.Build.0 = Release|Any CPU
	EndGlobalSection
	GlobalSection(SolutionProperties) = preSolution
		HideSolutionNode = FALSE
	EndGlobalSection
	GlobalSection(ExtensibilityGlobals) = postSolution
		SolutionGuid = {9F083C31-1FE3-486E-96A1-48A30F70FD77}
	EndGlobalSection
EndGlobal
